
Microsoft Visual Studio Solution File, Format Version 12.00
# Visual Studio Version 16
VisualStudioVersion = 16.0.32802.440
MinimumVisualStudioVersion = 10.0.40219.1
Project("{FAE04EC0-301F-11D3-BF4B-00C04F79EFBC}") = "_SERVICE_MARKET_", "_SERVICE_MARKET_.csproj", "{4BD888D4-711F-4DFA-9EF6-20924653F519}"
EndProject
Global
	GlobalSection(SolutionConfigurationPlatforms) = preSolution
		Debug|Any CPU = Debug|Any CPU
		Release|Any CPU = Release|Any CPU
	EndGlobalSection
	GlobalSection(ProjectConfigurationPlatforms) = postSolution
		{4BD888D4-711F-4DFA-9EF6-20924653F519}.Debug|Any CPU.ActiveCfg = Debug|Any CPU
		{4BD888D4-711F-4DFA-9EF6-20924653F519}.Debug|Any CPU.Build.0 = Debug|Any CPU
		{4BD888D4-711F-4DFA-9EF6-20924653F519}.Release|Any CPU.ActiveCfg = Release|Any CPU
		{4BD888D4-711F-4DFA-9EF6-20924653F519}.Release|Any CPU.Build.0 = Release|Any CPU
	EndGlobalSection
	GlobalSection(SolutionProperties) = preSolution
		HideSolutionNode = FALSE
	EndGlobalSection
	GlobalSection(ExtensibilityGlobals) = postSolution
		SolutionGuid = {6415C9A4-453F-43FB-83CC-7E89BCC7DBE3}
	EndGlobalSection
EndGlobal
