{
  "requires": true,
  "lockfileVersion": 1,
  "dependencies": {
    "bootstrap-icons": {
      "version": "1.10.1",
      "resolved": "https://registry.npmjs.org/bootstrap-icons/-/bootstrap-icons-1.10.1.tgz",
      "integrity": "sha512-5NUrBHB0DtnYcMGlH/Pa9AtN4FDI3QqjgfO2nipFFq+d/xU3NLo5VLdOAJvJ8ipTEqhTlu8+Yzi9IAfdTc46PA=="
    }
  }
}
